
Microsoft Visual Studio Solution File, Format Version 12.00
# Visual Studio Version 17
VisualStudioVersion = 17.5.33502.453
MinimumVisualStudioVersion = 10.0.40219.1
Project("{9A19103F-16F7-4668-BE54-9A1E7A4F7556}") = "OrderService", "OrderService\OrderService\OrderService.csproj", "{63BF7084-30EE-45F2-8E84-220936BA651A}"
EndProject
Project("{9A19103F-16F7-4668-BE54-9A1E7A4F7556}") = "StockService", "StockService\StockService\StockService.csproj", "{1D5FD509-3F05-4D38-B74A-A80BC3C04682}"
EndProject
Project("{2150E333-8FDC-42A3-9474-1A3956D46DE8}") = "Elementos de la solución", "Elementos de la solución", "{A141330A-10B2-4265-A707-E3AA7281BFCE}"
	ProjectSection(SolutionItems) = preProject
		notes.txt = notes.txt
	EndProjectSection
EndProject
Global
	GlobalSection(SolutionConfigurationPlatforms) = preSolution
		Debug|Any CPU = Debug|Any CPU
		Release|Any CPU = Release|Any CPU
	EndGlobalSection
	GlobalSection(ProjectConfigurationPlatforms) = postSolution
		{63BF7084-30EE-45F2-8E84-220936BA651A}.Debug|Any CPU.ActiveCfg = Debug|Any CPU
		{63BF7084-30EE-45F2-8E84-220936BA651A}.Debug|Any CPU.Build.0 = Debug|Any CPU
		{63BF7084-30EE-45F2-8E84-220936BA651A}.Release|Any CPU.ActiveCfg = Release|Any CPU
		{63BF7084-30EE-45F2-8E84-220936BA651A}.Release|Any CPU.Build.0 = Release|Any CPU
		{1D5FD509-3F05-4D38-B74A-A80BC3C04682}.Debug|Any CPU.ActiveCfg = Debug|Any CPU
		{1D5FD509-3F05-4D38-B74A-A80BC3C04682}.Debug|Any CPU.Build.0 = Debug|Any CPU
		{1D5FD509-3F05-4D38-B74A-A80BC3C04682}.Release|Any CPU.ActiveCfg = Release|Any CPU
		{1D5FD509-3F05-4D38-B74A-A80BC3C04682}.Release|Any CPU.Build.0 = Release|Any CPU
	EndGlobalSection
	GlobalSection(SolutionProperties) = preSolution
		HideSolutionNode = FALSE
	EndGlobalSection
	GlobalSection(ExtensibilityGlobals) = postSolution
		SolutionGuid = {6A26F3ED-5CE2-4504-A11A-5BC32FA53483}
	EndGlobalSection
EndGlobal
